# @generated by Move, please check-in and do not edit manually.

[move]
version = 3
manifest_digest = "3ADF6245A358DC9D9FCA495C5DD5B03E7AD66C9987F0DAC68F75F706AF08A142"
deps_digest = "F8BBB0CCB2491CA29A3DF03D6F92277A4F3574266507ACD77214D37ECA3F3082"
dependencies = [
  { id = "Sui", name = "Sui" },
]

[[move.package]]
id = "MoveStdlib"
source = { git = "https://github.com/MystenLabs/sui.git", rev = "framework/testnet", subdir = "crates/sui-framework/packages/move-stdlib" }

[[move.package]]
id = "Sui"
source = { git = "https://github.com/MystenLabs/sui.git", rev = "framework/testnet", subdir = "crates/sui-framework/packages/sui-framework" }

dependencies = [
  { id = "MoveStdlib", name = "MoveStdlib" },
]

[move.toolchain-version]
compiler-version = "1.53.2"
edition = "2024"
flavor = "sui"

[env]

[env.testnet]
chain-id = "4c78adac"
original-published-id = "0xbc3daaf8d67a2dc61c0dd15f4b66634d522693661f6f465654a7538fb386ed83"
latest-published-id = "0xbc3daaf8d67a2dc61c0dd15f4b66634d522693661f6f465654a7538fb386ed83"
published-version = "1"
