# @generated by Move, please check-in and do not edit manually.

[move]
version = 3
manifest_digest = "99A4D5BC334F53F3A855D9D9AA26E590DD2F289556DEC7CFDE645581664DCE27"
deps_digest = "F8BBB0CCB2491CA29A3DF03D6F92277A4F3574266507ACD77214D37ECA3F3082"
dependencies = [
  { id = "Sui", name = "Sui" },
]

[[move.package]]
id = "MoveStdlib"
source = { git = "https://github.com/MystenLabs/sui.git", rev = "framework/testnet", subdir = "crates/sui-framework/packages/move-stdlib" }

[[move.package]]
id = "Sui"
source = { git = "https://github.com/MystenLabs/sui.git", rev = "framework/testnet", subdir = "crates/sui-framework/packages/sui-framework" }

dependencies = [
  { id = "MoveStdlib", name = "MoveStdlib" },
]

[move.toolchain-version]
compiler-version = "1.53.2"
edition = "2024"
flavor = "sui"

[env]

[env.testnet]
chain-id = "4c78adac"
original-published-id = "0x40257bb69a80a430b8235fdc53b99ae1de466c5c92a54a8eae963178f13ee2c8"
latest-published-id = "0x40257bb69a80a430b8235fdc53b99ae1de466c5c92a54a8eae963178f13ee2c8"
published-version = "1"
